
Microsoft Visual Studio Solution File, Format Version 12.00
# Visual Studio Version 17
VisualStudioVersion = 17.7.34031.279
MinimumVisualStudioVersion = 10.0.40219.1
Project("{FAE04EC0-301F-11D3-BF4B-00C04F79EFBC}") = "2D_Array", "2D_Array.csproj", "{CD3601C5-A889-4612-8457-E0250DF0F74A}"
EndProject
Global
	GlobalSection(SolutionConfigurationPlatforms) = preSolution
		Debug|Any CPU = Debug|Any CPU
		Release|Any CPU = Release|Any CPU
	EndGlobalSection
	GlobalSection(ProjectConfigurationPlatforms) = postSolution
		{CD3601C5-A889-4612-8457-E0250DF0F74A}.Debug|Any CPU.ActiveCfg = Debug|Any CPU
		{CD3601C5-A889-4612-8457-E0250DF0F74A}.Debug|Any CPU.Build.0 = Debug|Any CPU
		{CD3601C5-A889-4612-8457-E0250DF0F74A}.Release|Any CPU.ActiveCfg = Release|Any CPU
		{CD3601C5-A889-4612-8457-E0250DF0F74A}.Release|Any CPU.Build.0 = Release|Any CPU
	EndGlobalSection
	GlobalSection(SolutionProperties) = preSolution
		HideSolutionNode = FALSE
	EndGlobalSection
	GlobalSection(ExtensibilityGlobals) = postSolution
		SolutionGuid = {7AE13BB7-D7BE-4FCB-847B-B3F52B7053C2}
	EndGlobalSection
EndGlobal
